
Microsoft Visual Studio Solution File, Format Version 12.00
# Visual Studio Version 17
VisualStudioVersion = 17.7.34024.191
MinimumVisualStudioVersion = 10.0.40219.1
Project("{FAE04EC0-301F-11D3-BF4B-00C04F79EFBC}") = "IntroToUnitTests", "IntroToUnitTests\IntroToUnitTests.csproj", "{F5A1860A-56E0-4918-BD42-7C329540BB6E}"
EndProject
Project("{FAE04EC0-301F-11D3-BF4B-00C04F79EFBC}") = "BankUnitTests", "BankUnitTests\BankUnitTests.csproj", "{4CC66277-81A6-48BD-A601-5946B8BE4C53}"
EndProject
Global
	GlobalSection(SolutionConfigurationPlatforms) = preSolution
		Debug|Any CPU = Debug|Any CPU
		Release|Any CPU = Release|Any CPU
	EndGlobalSection
	GlobalSection(ProjectConfigurationPlatforms) = postSolution
		{F5A1860A-56E0-4918-BD42-7C329540BB6E}.Debug|Any CPU.ActiveCfg = Debug|Any CPU
		{F5A1860A-56E0-4918-BD42-7C329540BB6E}.Debug|Any CPU.Build.0 = Debug|Any CPU
		{F5A1860A-56E0-4918-BD42-7C329540BB6E}.Release|Any CPU.ActiveCfg = Release|Any CPU
		{F5A1860A-56E0-4918-BD42-7C329540BB6E}.Release|Any CPU.Build.0 = Release|Any CPU
		{4CC66277-81A6-48BD-A601-5946B8BE4C53}.Debug|Any CPU.ActiveCfg = Debug|Any CPU
		{4CC66277-81A6-48BD-A601-5946B8BE4C53}.Debug|Any CPU.Build.0 = Debug|Any CPU
		{4CC66277-81A6-48BD-A601-5946B8BE4C53}.Release|Any CPU.ActiveCfg = Release|Any CPU
		{4CC66277-81A6-48BD-A601-5946B8BE4C53}.Release|Any CPU.Build.0 = Release|Any CPU
	EndGlobalSection
	GlobalSection(SolutionProperties) = preSolution
		HideSolutionNode = FALSE
	EndGlobalSection
	GlobalSection(ExtensibilityGlobals) = postSolution
		SolutionGuid = {E7193B81-2379-4614-B210-0CC89C9F411E}
	EndGlobalSection
EndGlobal
